
Microsoft Visual Studio Solution File, Format Version 12.00
# Visual Studio Version 17
VisualStudioVersion = 17.9.34701.34
MinimumVisualStudioVersion = 10.0.40219.1
Project("{8BC9CEB8-8B4A-11D0-8D11-00A0C91BC942}") = "Task 3", "Task 3.vcxproj", "{D84585C3-9DDE-4D1F-AE5E-86723AD48BF6}"
EndProject
Global
	GlobalSection(SolutionConfigurationPlatforms) = preSolution
		Debug|x64 = Debug|x64
		Debug|x86 = Debug|x86
		Release|x64 = Release|x64
		Release|x86 = Release|x86
	EndGlobalSection
	GlobalSection(ProjectConfigurationPlatforms) = postSolution
		{D84585C3-9DDE-4D1F-AE5E-86723AD48BF6}.Debug|x64.ActiveCfg = Debug|x64
		{D84585C3-9DDE-4D1F-AE5E-86723AD48BF6}.Debug|x64.Build.0 = Debug|x64
		{D84585C3-9DDE-4D1F-AE5E-86723AD48BF6}.Debug|x86.ActiveCfg = Debug|Win32
		{D84585C3-9DDE-4D1F-AE5E-86723AD48BF6}.Debug|x86.Build.0 = Debug|Win32
		{D84585C3-9DDE-4D1F-AE5E-86723AD48BF6}.Release|x64.ActiveCfg = Release|x64
		{D84585C3-9DDE-4D1F-AE5E-86723AD48BF6}.Release|x64.Build.0 = Release|x64
		{D84585C3-9DDE-4D1F-AE5E-86723AD48BF6}.Release|x86.ActiveCfg = Release|Win32
		{D84585C3-9DDE-4D1F-AE5E-86723AD48BF6}.Release|x86.Build.0 = Release|Win32
	EndGlobalSection
	GlobalSection(SolutionProperties) = preSolution
		HideSolutionNode = FALSE
	EndGlobalSection
	GlobalSection(ExtensibilityGlobals) = postSolution
		SolutionGuid = {8A8342B6-CDD0-435A-B2CF-0A0A2B1F7915}
	EndGlobalSection
EndGlobal
